
Microsoft Visual Studio Solution File, Format Version 12.00
# Visual Studio Version 17
VisualStudioVersion = 17.5.33530.505
MinimumVisualStudioVersion = 10.0.40219.1
Project("{FAE04EC0-301F-11D3-BF4B-00C04F79EFBC}") = "ST_Desktop_AdvC#_Day2", "ST_Desktop_AdvC#_Day2\ST_Desktop_AdvC#_Day2.csproj", "{B3EE1903-F247-4FB8-A6AE-45E8CA7EF449}"
EndProject
Project("{FAE04EC0-301F-11D3-BF4B-00C04F79EFBC}") = "FootballGame", "FootballGame\FootballGame.csproj", "{23F78FC1-C8D7-438B-9679-4DBE3D37C2CA}"
EndProject
Global
	GlobalSection(SolutionConfigurationPlatforms) = preSolution
		Debug|Any CPU = Debug|Any CPU
		Release|Any CPU = Release|Any CPU
	EndGlobalSection
	GlobalSection(ProjectConfigurationPlatforms) = postSolution
		{B3EE1903-F247-4FB8-A6AE-45E8CA7EF449}.Debug|Any CPU.ActiveCfg = Debug|Any CPU
		{B3EE1903-F247-4FB8-A6AE-45E8CA7EF449}.Debug|Any CPU.Build.0 = Debug|Any CPU
		{B3EE1903-F247-4FB8-A6AE-45E8CA7EF449}.Release|Any CPU.ActiveCfg = Release|Any CPU
		{B3EE1903-F247-4FB8-A6AE-45E8CA7EF449}.Release|Any CPU.Build.0 = Release|Any CPU
		{23F78FC1-C8D7-438B-9679-4DBE3D37C2CA}.Debug|Any CPU.ActiveCfg = Debug|Any CPU
		{23F78FC1-C8D7-438B-9679-4DBE3D37C2CA}.Debug|Any CPU.Build.0 = Debug|Any CPU
		{23F78FC1-C8D7-438B-9679-4DBE3D37C2CA}.Release|Any CPU.ActiveCfg = Release|Any CPU
		{23F78FC1-C8D7-438B-9679-4DBE3D37C2CA}.Release|Any CPU.Build.0 = Release|Any CPU
	EndGlobalSection
	GlobalSection(SolutionProperties) = preSolution
		HideSolutionNode = FALSE
	EndGlobalSection
	GlobalSection(ExtensibilityGlobals) = postSolution
		SolutionGuid = {282D6161-A48D-49DE-9AA4-C1F5E722E790}
	EndGlobalSection
EndGlobal
